{
  "pins" : [
    {
      "identity" : "abseil-cpp-binary",
      "kind" : "remoteSourceControl",
      "location" : "https://github.com/google/abseil-cpp-binary.git",
      "state" : {
        "revision" : "194a6706acbd25e4ef639bcaddea16e8758a3e27",
        "version" : "1.2024011602.0"
      }
    },
    {
      "identity" : "app-check",
      "kind" : "remoteSourceControl",
      "location" : "https://github.com/google/app-check.git",
      "state" : {
        "revision" : "3b62f154d00019ae29a71e9738800bb6f18b236d",
        "version" : "10.19.2"
      }
    },
    {
      "identity" : "firebase-ios-sdk",
      "kind" : "remoteSourceControl",
      "location" : "https://github.com/firebase/firebase-ios-sdk.git",
      "state" : {
        "revision" : "eca84fd638116dd6adb633b5a3f31cc7befcbb7d",
        "version" : "10.29.0"
      }
    },
    {
      "identity" : "googleappmeasurement",
      "kind" : "remoteSourceControl",
      "location" : "https://github.com/google/GoogleAppMeasurement.git",
      "state" : {
        "revision" : "fe727587518729046fc1465625b9afd80b5ab361",
        "version" : "10.28.0"
      }
    },
    {
      "identity" : "googledatatransport",
      "kind" : "remoteSourceControl",
      "location" : "https://github.com/google/GoogleDataTransport.git",
      "state" : {
        "revision" : "a637d318ae7ae246b02d7305121275bc75ed5565",
        "version" : "9.4.0"
      }
    },
    {
      "identity" : "googleutilities",
      "kind" : "remoteSourceControl",
      "location" : "https://github.com/google/GoogleUtilities.git",
      "state" : {
        "revision" : "57a1d307f42df690fdef2637f3e5b776da02aad6",
        "version" : "7.13.3"
      }
    },
    {
      "identity" : "grpc-binary",
      "kind" : "remoteSourceControl",
      "location" : "https://github.com/google/grpc-binary.git",
      "state" : {
        "revision" : "e9fad491d0673bdda7063a0341fb6b47a30c5359",
        "version" : "1.62.2"
      }
    },
    {
      "identity" : "gtm-session-fetcher",
      "kind" : "remoteSourceControl",
      "location" : "https://github.com/google/gtm-session-fetcher.git",
      "state" : {
        "revision" : "a2ab612cb980066ee56d90d60d8462992c07f24b",
        "version" : "3.5.0"
      }
    },
    {
      "identity" : "gxcorebl",
      "kind" : "remoteSourceControl",
      "location" : "https://github.com/GeneXus-SwiftPackages/GXCoreBL.git",
      "state" : {
        "revision" : "84a588385caad23efec1e7d1c8dfef3622fe1140",
        "version" : "3.0.0-rc.15"
      }
    },
    {
      "identity" : "gxcoremodule_common_analytics",
      "kind" : "remoteSourceControl",
      "location" : "https://github.com/GeneXus-SwiftPackages/GXCoreModule_Common_Analytics.git",
      "state" : {
        "revision" : "6b61e587528f55ab1b86cb88b1908f1562c5b030",
        "version" : "3.0.0-rc.15"
      }
    },
    {
      "identity" : "gxcoremodule_sd_remoteconfig",
      "kind" : "remoteSourceControl",
      "location" : "https://github.com/GeneXus-SwiftPackages/GXCoreModule_SD_RemoteConfig.git",
      "state" : {
        "revision" : "6d7625508fee68e18f35ecdf2718b8dedc7ae72a",
        "version" : "3.0.0-rc.15"
      }
    },
    {
      "identity" : "gxcoreui",
      "kind" : "remoteSourceControl",
      "location" : "https://github.com/GeneXus-SwiftPackages/GXCoreUI.git",
      "state" : {
        "revision" : "94d8c008ff27609d4ed81821999c2f369ba06a59",
        "version" : "3.0.0-rc.15"
      }
    },
    {
      "identity" : "gxdatalayer",
      "kind" : "remoteSourceControl",
      "location" : "https://github.com/GeneXus-SwiftPackages/GXDataLayer.git",
      "state" : {
        "revision" : "aebe718a7231929d3f00eb742e6fc7617e5480b8",
        "version" : "3.0.0-rc.15"
      }
    },
    {
      "identity" : "gxfoundation",
      "kind" : "remoteSourceControl",
      "location" : "https://github.com/GeneXus-SwiftPackages/GXFoundation.git",
      "state" : {
        "revision" : "c7bce144682016bf6e8f28d2270a288eaa807708",
        "version" : "3.0.0-rc.15"
      }
    },
    {
      "identity" : "gxobjectsmodel",
      "kind" : "remoteSourceControl",
      "location" : "https://github.com/GeneXus-SwiftPackages/GXObjectsModel.git",
      "state" : {
        "revision" : "9fdaaaf5ab5c3c5c48d3a42585ffa9da536a9118",
        "version" : "3.0.0-rc.15"
      }
    },
    {
      "identity" : "gxstandardclasses",
      "kind" : "remoteSourceControl",
      "location" : "https://github.com/GeneXus-SwiftPackages/GXStandardClasses.git",
      "state" : {
        "revision" : "b2ad5a6d2526f8833b82c79528852fac32bf5a1d",
        "version" : "3.0.0-rc.15"
      }
    },
    {
      "identity" : "interop-ios-for-google-sdks",
      "kind" : "remoteSourceControl",
      "location" : "https://github.com/google/interop-ios-for-google-sdks.git",
      "state" : {
        "revision" : "2d12673670417654f08f5f90fdd62926dc3a2648",
        "version" : "100.0.0"
      }
    },
    {
      "identity" : "leveldb",
      "kind" : "remoteSourceControl",
      "location" : "https://github.com/firebase/leveldb.git",
      "state" : {
        "revision" : "a0bc79961d7be727d258d33d5a6b2f1023270ba1",
        "version" : "1.22.5"
      }
    },
    {
      "identity" : "nanopb",
      "kind" : "remoteSourceControl",
      "location" : "https://github.com/firebase/nanopb.git",
      "state" : {
        "revision" : "b7e1104502eca3a213b46303391ca4d3bc8ddec1",
        "version" : "2.30910.0"
      }
    },
    {
      "identity" : "promises",
      "kind" : "remoteSourceControl",
      "location" : "https://github.com/google/promises.git",
      "state" : {
        "revision" : "540318ecedd63d883069ae7f1ed811a2df00b6ac",
        "version" : "2.4.0"
      }
    },
    {
      "identity" : "swift-protobuf",
      "kind" : "remoteSourceControl",
      "location" : "https://github.com/apple/swift-protobuf.git",
      "state" : {
        "revision" : "ebc7251dd5b37f627c93698e4374084d98409633",
        "version" : "1.28.2"
      }
    },
    {
      "identity" : "yajl",
      "kind" : "remoteSourceControl",
      "location" : "https://github.com/GeneXus-SwiftPackages/YAJL.git",
      "state" : {
        "revision" : "038775df45886bd26cf10248640a4ee3ba2f6f33",
        "version" : "3.0.0-rc.15"
      }
    }
  ],
  "version" : 2
}
