{
  "pins" : [
    {
      "identity" : "abseil-cpp-binary",
      "kind" : "remoteSourceControl",
      "location" : "https://github.com/google/abseil-cpp-binary.git",
      "state" : {
        "revision" : "748c7837511d0e6a507737353af268484e1745e2",
        "version" : "1.2024011601.1"
      }
    },
    {
      "identity" : "app-check",
      "kind" : "remoteSourceControl",
      "location" : "https://github.com/google/app-check.git",
      "state" : {
        "revision" : "7d2688de038d5484866d835acb47b379722d610e",
        "version" : "10.19.0"
      }
    },
    {
      "identity" : "firebase-ios-sdk",
      "kind" : "remoteSourceControl",
      "location" : "https://github.com/firebase/firebase-ios-sdk.git",
      "state" : {
        "revision" : "42eae77a0af79e9c3f41df04a23c76f05cfdda77",
        "version" : "10.24.0"
      }
    },
    {
      "identity" : "googleappmeasurement",
      "kind" : "remoteSourceControl",
      "location" : "https://github.com/google/GoogleAppMeasurement.git",
      "state" : {
        "revision" : "51ba746a9d51a4bd0774b68499b0c73ef6e8570d",
        "version" : "10.24.0"
      }
    },
    {
      "identity" : "googledatatransport",
      "kind" : "remoteSourceControl",
      "location" : "https://github.com/google/GoogleDataTransport.git",
      "state" : {
        "revision" : "a732a4b47f59e4f725a2ea10f0c77e93a7131117",
        "version" : "9.3.0"
      }
    },
    {
      "identity" : "googleutilities",
      "kind" : "remoteSourceControl",
      "location" : "https://github.com/google/GoogleUtilities.git",
      "state" : {
        "revision" : "bc27fad73504f3d4af235de451f02ee22586ebd3",
        "version" : "7.12.1"
      }
    },
    {
      "identity" : "grpc-binary",
      "kind" : "remoteSourceControl",
      "location" : "https://github.com/google/grpc-binary.git",
      "state" : {
        "revision" : "e9fad491d0673bdda7063a0341fb6b47a30c5359",
        "version" : "1.62.2"
      }
    },
    {
      "identity" : "gtm-session-fetcher",
      "kind" : "remoteSourceControl",
      "location" : "https://github.com/google/gtm-session-fetcher.git",
      "state" : {
        "revision" : "0382ca27f22fb3494cf657d8dc356dc282cd1193",
        "version" : "3.4.1"
      }
    },
    {
      "identity" : "gxcorebl",
      "kind" : "remoteSourceControl",
      "location" : "https://github.com/GeneXus-SwiftPackages/GXCoreBL.git",
      "state" : {
        "revision" : "968fd157efe27694220182f8c44b8495636ae7dd",
        "version" : "3.0.0-beta.2"
      }
    },
    {
      "identity" : "gxcoremodule_common_analytics",
      "kind" : "remoteSourceControl",
      "location" : "https://github.com/GeneXus-SwiftPackages/GXCoreModule_Common_Analytics.git",
      "state" : {
        "revision" : "17ef1233c7a8be615c908c86a3a77727aa63f732",
        "version" : "3.0.0-beta.2"
      }
    },
    {
      "identity" : "gxcoremodule_sd_remoteconfig",
      "kind" : "remoteSourceControl",
      "location" : "https://github.com/GeneXus-SwiftPackages/GXCoreModule_SD_RemoteConfig.git",
      "state" : {
        "revision" : "482df4ab3436e952f78182c6399ce2d745b1cb6a",
        "version" : "3.0.0-beta.2"
      }
    },
    {
      "identity" : "gxcoreui",
      "kind" : "remoteSourceControl",
      "location" : "https://github.com/GeneXus-SwiftPackages/GXCoreUI.git",
      "state" : {
        "revision" : "167d4d509066672f5b53dcaa696b66156629b0a1",
        "version" : "3.0.0-beta.2"
      }
    },
    {
      "identity" : "gxdatalayer",
      "kind" : "remoteSourceControl",
      "location" : "https://github.com/GeneXus-SwiftPackages/GXDataLayer.git",
      "state" : {
        "revision" : "5d82d02cf965b7558da09a13d2c7f2cff212b35f",
        "version" : "3.0.0-beta.2"
      }
    },
    {
      "identity" : "gxfoundation",
      "kind" : "remoteSourceControl",
      "location" : "https://github.com/GeneXus-SwiftPackages/GXFoundation.git",
      "state" : {
        "revision" : "9e714e4154c39d23a7d2cfa2a8124ebbcf078980",
        "version" : "3.0.0-beta.2"
      }
    },
    {
      "identity" : "gxobjectsmodel",
      "kind" : "remoteSourceControl",
      "location" : "https://github.com/GeneXus-SwiftPackages/GXObjectsModel.git",
      "state" : {
        "revision" : "936da7b4688ef32213aacb44d87b84a305fcb896",
        "version" : "3.0.0-beta.2"
      }
    },
    {
      "identity" : "gxstandardclasses",
      "kind" : "remoteSourceControl",
      "location" : "https://github.com/GeneXus-SwiftPackages/GXStandardClasses.git",
      "state" : {
        "revision" : "042605cdcd393e59d35b0e5693e0b9538b4b637e",
        "version" : "3.0.0-beta.2"
      }
    },
    {
      "identity" : "interop-ios-for-google-sdks",
      "kind" : "remoteSourceControl",
      "location" : "https://github.com/google/interop-ios-for-google-sdks.git",
      "state" : {
        "revision" : "2d12673670417654f08f5f90fdd62926dc3a2648",
        "version" : "100.0.0"
      }
    },
    {
      "identity" : "leveldb",
      "kind" : "remoteSourceControl",
      "location" : "https://github.com/firebase/leveldb.git",
      "state" : {
        "revision" : "9d108e9112aa1d65ce508facf804674546116d9c",
        "version" : "1.22.3"
      }
    },
    {
      "identity" : "nanopb",
      "kind" : "remoteSourceControl",
      "location" : "https://github.com/firebase/nanopb.git",
      "state" : {
        "revision" : "819d0a2173aff699fb8c364b6fb906f7cdb1a692",
        "version" : "2.30909.0"
      }
    },
    {
      "identity" : "promises",
      "kind" : "remoteSourceControl",
      "location" : "https://github.com/google/promises.git",
      "state" : {
        "revision" : "e70e889c0196c76d22759eb50d6a0270ca9f1d9e",
        "version" : "2.3.1"
      }
    },
    {
      "identity" : "swift-protobuf",
      "kind" : "remoteSourceControl",
      "location" : "https://github.com/apple/swift-protobuf.git",
      "state" : {
        "revision" : "65e8f29b2d63c4e38e736b25c27b83e012159be8",
        "version" : "1.25.2"
      }
    },
    {
      "identity" : "yajl",
      "kind" : "remoteSourceControl",
      "location" : "https://github.com/GeneXus-SwiftPackages/YAJL.git",
      "state" : {
        "revision" : "aeaae2542bbba09477eb846a392b58355f90c225",
        "version" : "3.0.0-beta.2"
      }
    }
  ],
  "version" : 2
}
